
Microsoft Visual Studio Solution File, Format Version 12.00
# Visual Studio Version 16
VisualStudioVersion = 16.0.29403.142
MinimumVisualStudioVersion = 10.0.40219.1
Project("{FAE04EC0-301F-11D3-BF4B-00C04F79EFBC}") = "fizzbuzz", "ConsoleApp3\fizzbuzz.csproj", "{4F58565C-B093-47C4-922C-95938F9FE9DC}"
EndProject
Global
	GlobalSection(SolutionConfigurationPlatforms) = preSolution
		Debug|Any CPU = Debug|Any CPU
		Release|Any CPU = Release|Any CPU
	EndGlobalSection
	GlobalSection(ProjectConfigurationPlatforms) = postSolution
		{4F58565C-B093-47C4-922C-95938F9FE9DC}.Debug|Any CPU.ActiveCfg = Debug|Any CPU
		{4F58565C-B093-47C4-922C-95938F9FE9DC}.Debug|Any CPU.Build.0 = Debug|Any CPU
		{4F58565C-B093-47C4-922C-95938F9FE9DC}.Release|Any CPU.ActiveCfg = Release|Any CPU
		{4F58565C-B093-47C4-922C-95938F9FE9DC}.Release|Any CPU.Build.0 = Release|Any CPU
	EndGlobalSection
	GlobalSection(SolutionProperties) = preSolution
		HideSolutionNode = FALSE
	EndGlobalSection
	GlobalSection(ExtensibilityGlobals) = postSolution
		SolutionGuid = {14A23661-800E-48F9-8DB1-D9C7EDD34E0F}
	EndGlobalSection
EndGlobal
